<Solution>
  <Configurations>
    <BuildType Name="Debug" />
    <BuildType Name="Release" />
    <BuildType Name="LamaDebug" />
    <BuildType Name="Dev" />
  </Configurations>
  <Folder Name="/root/">
    <File Path=".gitignore" />
    <File Path="Directory.Build.props" />
    <File Path="Directory.Packages.props" />
    <File Path="publish.ps1" />
    <File Path="README.md" />
  </Folder>
  <Folder Name="/docs/">
    <File Path="docs/Directory.Build.props" />
    <File Path="docs/README.md" />
    <Project Path="docs/LightningArc.Documentation.csproj" />
  </Folder>
  <Folder Name="/src/">
    <File Path="src/Directory.Build.props" />
  </Folder>
  <Folder Name="/src/Analyzers/">
    <Project Path="src/Analyzers/LightningArc.Analyzers.csproj" />
  </Folder>
  <Folder Name="/src/Core/">
    <Project Path="src/Core/Primitives/LightningArc.Primitives.csproj" />
    <Project Path="src/Core/Primitives.Results/LightningArc.Primitives.Results.csproj" />
    <Project Path="src/Core/Json/LightningArc.Json.csproj" />
    <Project Path="src/Core/Results/LightningArc.Results.csproj" />
    <Project Path="src/Core/Framework/LightningArc.Framework.csproj" />
  </Folder>
  <Folder Name="/src/Validations/">
    <Project Path="src/Validations/Validations/LightningArc.Validations.csproj" />
    <Project Path="src/Validations/DependencyInjection/LightningArc.Validations.DependencyInjection.csproj" />
  </Folder>
  <Folder Name="/src/Data/">
    <Project Path="src/Data/Abstractions/LightningArc.Data.Abstractions.csproj" />
  </Folder>
  <Folder Name="/src/Data/ADO/">
    <Project Path="src/Data/ADO/ADO.SqlBuilder/LightningArc.Data.ADO.SqlBuilder.csproj" />
    <Project Path="src/Data/ADO/ADO.Oracle/LightningArc.Data.ADO.Oracle.csproj" />
    <Project Path="src/Data/ADO/ADO.SqlServer/LightningArc.Data.ADO.SqlServer.csproj" />
    <Project Path="src/Data/ADO/ADO/LightningArc.Data.ADO.csproj" />
  </Folder>
  <Folder Name="/src/Data/EF/">
    <Project Path="src/Data/EF/EntityFramework/LightningArc.Data.EntityFramework.csproj" />
  </Folder>
  <Folder Name="/src/Data/Mappers/">
    <Project Path="src/Data/Mappers/Mappers.AutoMapper/LightningArc.Mappers.AutoMapper.csproj" />
    <Project Path="src/Data/Mappers/Mappers.Mapster/LightningArc.Mappers.Mapster.csproj" />
  </Folder>
  <Folder Name="/src/Meta/">
    <Project Path="src/Meta/Metalama.Results/LightningArc.Metalama.Results.csproj" />
    <Project Path="src/Meta/Metalama/LightningArc.Metalama.csproj" />
  </Folder>
  <Folder Name="/src/Meta/Aspects/" />
  <Folder Name="/src/Web/">
    <Project Path="src/Web/CORS.AspNetCore/LightningArc.CORS.AspNetCore.csproj" />
    <Project Path="src/Web/OpenAPI.AspNetCore/LightningArc.OpenAPI.AspNetCore.csproj" />
    <Project Path="src/Web/Results.AspNetCore/LightningArc.Results.AspNetCore.csproj" />
    <Project Path="src/Web/AspNetCore/LightningArc.AspNetCore.csproj" />
  </Folder>
  <Folder Name="/tests/">
    <File Path="tests/Directory.Build.props" />
  </Folder>
  <Folder Name="/tests/Analyzers/">
    <Project Path="tests/Analyzers/LightningArc.Analyzers.Tests/LightningArc.Analyzers.Tests.csproj" />
  </Folder>
  <Folder Name="/tests/Core/">
    <Project Path="tests/Core/Primitives.Tests/LightningArc.Primitives.Tests.csproj">
      <Configuration Solution="Debug|*" Project="Debug" />
      <Configuration Solution="Release|*" Project="Release" />
      <Configuration Solution="LamaDebug|*" Project="LamaDebug" />
      <Configuration Solution="Dev|*" Project="Dev" />
      <Build Solution="Dev|*" Project="false" />
    </Project>
    <Project Path="tests/Core/Json.Tests/LightningArc.Json.Tests.csproj">
      <Configuration Solution="Debug|*" Project="Debug" />
      <Configuration Solution="Release|*" Project="Release" />
      <Configuration Solution="LamaDebug|*" Project="LamaDebug" />
      <Configuration Solution="Dev|*" Project="Dev" />
      <Build Solution="Dev|*" Project="false" />
    </Project>
    <Project Path="tests/Core/Results.Tests/LightningArc.Results.Tests.csproj">
      <Configuration Solution="Debug|*" Project="Debug" />
      <Configuration Solution="Release|*" Project="Release" />
      <Configuration Solution="LamaDebug|*" Project="LamaDebug" />
      <Configuration Solution="Dev|*" Project="Dev" />
      <Build Solution="Dev|*" Project="false" />
    </Project>
  </Folder>
  <Folder Name="/tests/Validations/">
    <Project Path="tests/Validations/Validations.Tests/LightningArc.Validations.Tests.csproj">
      <Configuration Solution="Debug|*" Project="Debug" />
      <Configuration Solution="Release|*" Project="Release" />
      <Configuration Solution="LamaDebug|*" Project="LamaDebug" />
      <Configuration Solution="Dev|*" Project="Dev" />
      <Build Solution="Dev|*" Project="false" />
    </Project>
    <Project Path="tests/Validations/DependencyInjection/LightningArc.Validations.DependencyInjection.Tests.csproj">
      <Configuration Solution="Debug|*" Project="Debug" />
      <Configuration Solution="Release|*" Project="Release" />
      <Configuration Solution="LamaDebug|*" Project="LamaDebug" />
      <Configuration Solution="Dev|*" Project="Dev" />
      <Build Solution="Dev|*" Project="false" />
    </Project>
  </Folder>
  <Folder Name="/tests/Data/">
    <Project Path="tests/Data/Data.Abstractions.Tests/LightningArc.Data.Abstractions.Tests.csproj">
      <Configuration Solution="Debug|*" Project="Debug" />
      <Configuration Solution="Release|*" Project="Release" />
      <Configuration Solution="LamaDebug|*" Project="LamaDebug" />
      <Configuration Solution="Dev|*" Project="Dev" />
      <Build Solution="Dev|*" Project="false" />
    </Project>
    <Project Path="tests/Data/Data.ADO.Oracle.Tests/LightningArc.Data.ADO.Oracle.Tests.csproj">
      <Configuration Solution="Debug|*" Project="Debug" />
      <Configuration Solution="Release|*" Project="Release" />
      <Configuration Solution="LamaDebug|*" Project="LamaDebug" />
      <Configuration Solution="Dev|*" Project="Dev" />
      <Build Solution="Dev|*" Project="false" />
    </Project>
    <Project Path="tests/Data/Data.ADO.SqlServer.Tests/LightningArc.Data.ADO.SqlServer.Tests.csproj">
      <Configuration Solution="Debug|*" Project="Debug" />
      <Configuration Solution="Release|*" Project="Release" />
      <Configuration Solution="LamaDebug|*" Project="LamaDebug" />
      <Configuration Solution="Dev|*" Project="Dev" />
      <Build Solution="Dev|*" Project="false" />
    </Project>
    <Project Path="tests/Data/Data.ADO.Tests/LightningArc.Data.ADO.Tests.csproj">
      <Configuration Solution="Debug|*" Project="Debug" />
      <Configuration Solution="Release|*" Project="Release" />
      <Configuration Solution="LamaDebug|*" Project="LamaDebug" />
      <Configuration Solution="Dev|*" Project="Dev" />
      <Build Solution="Dev|*" Project="false" />
    </Project>
    <Project Path="tests/Data/Data.EntityFramework.Tests/LightningArc.Data.EntityFramework.Tests.csproj">
      <Configuration Solution="Debug|*" Project="Debug" />
      <Configuration Solution="Release|*" Project="Release" />
      <Configuration Solution="LamaDebug|*" Project="LamaDebug" />
      <Configuration Solution="Dev|*" Project="Dev" />
      <Build Solution="Dev|*" Project="false" />
    </Project>
    <Project Path="tests/Data/Data.ADO.SqlBuilder.Tests/LightningArc.Data.ADO.SqlBuilder.Tests.csproj">
      <Configuration Solution="Debug|*" Project="Debug" />
      <Configuration Solution="Release|*" Project="Release" />
      <Configuration Solution="LamaDebug|*" Project="LamaDebug" />
      <Configuration Solution="Dev|*" Project="Dev" />
      <Build Solution="Dev|*" Project="false" />
    </Project>
    <Project Path="tests/Data/Mappers.AutoMapper.Tests/LightningArc.Mappers.AutoMapper.Tests.csproj">
      <Configuration Solution="Debug|*" Project="Debug" />
      <Configuration Solution="Release|*" Project="Release" />
      <Configuration Solution="LamaDebug|*" Project="LamaDebug" />
      <Configuration Solution="Dev|*" Project="Dev" />
      <Build Solution="Dev|*" Project="false" />
    </Project>
    <Project Path="tests/Data/Mappers.Mapster.Tests/LightningArc.Mappers.Mapster.Tests.csproj">
      <Configuration Solution="Debug|*" Project="Debug" />
      <Configuration Solution="Release|*" Project="Release" />
      <Configuration Solution="LamaDebug|*" Project="LamaDebug" />
      <Configuration Solution="Dev|*" Project="Dev" />
      <Build Solution="Dev|*" Project="false" />
    </Project>
  </Folder>
  <Folder Name="/tests/Meta/">
    <Project Path="tests/Meta/Metalama.Tests/LightningArc.Metalama.Tests.csproj">
      <Configuration Solution="Debug|*" Project="Debug" />
      <Configuration Solution="Release|*" Project="Release" />
      <Configuration Solution="LamaDebug|*" Project="LamaDebug" />
      <Configuration Solution="Dev|*" Project="Dev" />
      <Build Solution="Dev|*" Project="false" />
    </Project>
    <Project Path="tests/Meta/Metalama.Results.Tests/LightningArc.Metalama.Results.Tests.csproj">
      <Configuration Solution="Debug|*" Project="Debug" />
      <Configuration Solution="Release|*" Project="Release" />
      <Configuration Solution="LamaDebug|*" Project="LamaDebug" />
      <Configuration Solution="Dev|*" Project="Dev" />
      <Build Solution="Dev|*" Project="false" />
    </Project>
  </Folder>
  <Folder Name="/tests/Web/">
    <Project Path="tests/Web/Results.AspNetCore.Tests/LightningArc.Results.AspNetCore.Tests.csproj">
      <Configuration Solution="Debug|*" Project="Debug" />
      <Configuration Solution="Release|*" Project="Release" />
      <Configuration Solution="LamaDebug|*" Project="LamaDebug" />
      <Configuration Solution="Dev|*" Project="Dev" />
      <Build Solution="Dev|*" Project="false" />
    </Project>
    <Project Path="tests/Web/Results.AspNetCore.Tests.Server/LightningArc.Results.AspNetCore.Tests.Server.csproj">
      <Configuration Solution="Debug|*" Project="Debug" />
      <Configuration Solution="Release|*" Project="Release" />
      <Configuration Solution="LamaDebug|*" Project="LamaDebug" />
      <Configuration Solution="Dev|*" Project="Dev" />
      <Build Solution="Dev|*" Project="false" />
    </Project>
    <Project Path="tests/Web/CORS.AspNetCore.Tests/LightningArc.CORS.AspNetCore.Tests.csproj">
      <Configuration Solution="Debug|*" Project="Debug" />
      <Configuration Solution="Release|*" Project="Release" />
      <Configuration Solution="LamaDebug|*" Project="LamaDebug" />
      <Configuration Solution="Dev|*" Project="Dev" />
      <Build Solution="Dev|*" Project="false" />
    </Project>
    <Project Path="tests/Web/OpenAPI.AspNetCore.Tests/LightningArc.OpenAPI.AspNetCore.Tests.csproj">
      <Configuration Solution="Debug|*" Project="Debug" />
      <Configuration Solution="Release|*" Project="Release" />
      <Configuration Solution="LamaDebug|*" Project="LamaDebug" />
      <Configuration Solution="Dev|*" Project="Dev" />
      <Build Solution="Dev|*" Project="false" />
    </Project>
  </Folder>
  <Folder Name="/tools/">
    <Project Path="tools\Documentation.Generator\LightningArc.Documentation.Generator.csproj">
      <Configuration Solution="Debug|*" Project="Debug" />
      <Configuration Solution="Release|*" Project="Release" />
      <Configuration Solution="LamaDebug|*" Project="LamaDebug" />
      <Configuration Solution="Dev|*" Project="Dev" />
      <Build Solution="Debug|*" Project="false" />
    </Project>
  </Folder>
</Solution>